
Microsoft Visual Studio Solution File, Format Version 12.00
# Visual Studio Version 17
VisualStudioVersion = 17.10.34916.146
MinimumVisualStudioVersion = 10.0.40219.1
Project("{FAE04EC0-301F-11D3-BF4B-00C04F79EFBC}") = "File_Explorer", "File_Explorer\File_Explorer.csproj", "{D1FDF805-A021-406A-B21C-0FAF22C8CBDF}"
EndProject
Global
	GlobalSection(SolutionConfigurationPlatforms) = preSolution
		Debug|Any CPU = Debug|Any CPU
		Release|Any CPU = Release|Any CPU
	EndGlobalSection
	GlobalSection(ProjectConfigurationPlatforms) = postSolution
		{D1FDF805-A021-406A-B21C-0FAF22C8CBDF}.Debug|Any CPU.ActiveCfg = Debug|Any CPU
		{D1FDF805-A021-406A-B21C-0FAF22C8CBDF}.Debug|Any CPU.Build.0 = Debug|Any CPU
		{D1FDF805-A021-406A-B21C-0FAF22C8CBDF}.Release|Any CPU.ActiveCfg = Release|Any CPU
		{D1FDF805-A021-406A-B21C-0FAF22C8CBDF}.Release|Any CPU.Build.0 = Release|Any CPU
	EndGlobalSection
	GlobalSection(SolutionProperties) = preSolution
		HideSolutionNode = FALSE
	EndGlobalSection
	GlobalSection(ExtensibilityGlobals) = postSolution
		SolutionGuid = {12C3C661-B17C-49E6-98E3-07C759F94F19}
	EndGlobalSection
EndGlobal
